Microsoft Visual Studio Solution File, Format Version 12.00
# 17
VisualStudioVersion = 17.11.35327.3
MinimumVisualStudioVersion = 10.0.40219.1
Project("{FAE04EC0-301F-11D3-BF4B-00C04F79EFBC}") = "CSharpEgitimKampi301.EntityLayer", "CSharpEgitimKampi301.EntityLayer\CSharpEgitimKampi301.EntityLayer.csproj", "{E070C633-311A-4D24-AEA2-781AE0419D11}"
EndProject
Project("{FAE04EC0-301F-11D3-BF4B-00C04F79EFBC}") = "CSharpEgitimKampi301.DataAccessLayer", "CSharpEgitimKampi301.DataAccessLayer\CSharpEgitimKampi301.DataAccessLayer.csproj", "{2C7A0E01-BDD5-4BB0-BF46-601651FB6529}"
EndProject
Project("{FAE04EC0-301F-11D3-BF4B-00C04F79EFBC}") = "CSharpEgitimKampi301.BusinessLayer", "CSharpEgitimKampi301.BusinessLayer\CSharpEgitimKampi301.BusinessLayer.csproj", "{8DEA1E9A-AEAE-4A04-AEAB-8B19E871B401}"
EndProject
Project("{FAE04EC0-301F-11D3-BF4B-00C04F79EFBC}") = "CSharpEgitimKampi301.PresentationLayer", "CSharpEgitimKampi301.PresentationLayer\CSharpEgitimKampi301.PresentationLayer.csproj", "{29B9D8C5-DEF5-4371-8150-0F6E94E0C8DA}"
EndProject
Project("{FAE04EC0-301F-11D3-BF4B-00C04F79EFBC}") = "CSharpEgitimKampi301.EFProject", "CSharpEgitimKampi301.EFProject\CSharpEgitimKampi301.EFProject.csproj", "{CB143E8B-7993-442F-BABE-084B6E50926C}"
EndProject
Global
	GlobalSection(SolutionConfigurationPlatforms) = preSolution
		Debug|Any CPU = Debug|Any CPU
		Release|Any CPU = Release|Any CPU
	EndGlobalSection
	GlobalSection(ProjectConfigurationPlatforms) = postSolution
		{E070C633-311A-4D24-AEA2-781AE0419D11}.Debug|Any CPU.ActiveCfg = Debug|Any CPU
		{E070C633-311A-4D24-AEA2-781AE0419D11}.Debug|Any CPU.Build.0 = Debug|Any CPU
		{E070C633-311A-4D24-AEA2-781AE0419D11}.Release|Any CPU.ActiveCfg = Release|Any CPU
		{E070C633-311A-4D24-AEA2-781AE0419D11}.Release|Any CPU.Build.0 = Release|Any CPU
		{2C7A0E01-BDD5-4BB0-BF46-601651FB6529}.Debug|Any CPU.ActiveCfg = Debug|Any CPU
		{2C7A0E01-BDD5-4BB0-BF46-601651FB6529}.Debug|Any CPU.Build.0 = Debug|Any CPU
		{2C7A0E01-BDD5-4BB0-BF46-601651FB6529}.Release|Any CPU.ActiveCfg = Release|Any CPU
		{2C7A0E01-BDD5-4BB0-BF46-601651FB6529}.Release|Any CPU.Build.0 = Release|Any CPU
		{8DEA1E9A-AEAE-4A04-AEAB-8B19E871B401}.Debug|Any CPU.ActiveCfg = Debug|Any CPU
		{8DEA1E9A-AEAE-4A04-AEAB-8B19E871B401}.Debug|Any CPU.Build.0 = Debug|Any CPU
		{8DEA1E9A-AEAE-4A04-AEAB-8B19E871B401}.Release|Any CPU.ActiveCfg = Release|Any CPU
		{8DEA1E9A-AEAE-4A04-AEAB-8B19E871B401}.Release|Any CPU.Build.0 = Release|Any CPU
		{29B9D8C5-DEF5-4371-8150-0F6E94E0C8DA}.Debug|Any CPU.ActiveCfg = Debug|Any CPU
		{29B9D8C5-DEF5-4371-8150-0F6E94E0C8DA}.Debug|Any CPU.Build.0 = Debug|Any CPU
		{29B9D8C5-DEF5-4371-8150-0F6E94E0C8DA}.Release|Any CPU.ActiveCfg = Release|Any CPU
		{29B9D8C5-DEF5-4371-8150-0F6E94E0C8DA}.Release|Any CPU.Build.0 = Release|Any CPU
		{CB143E8B-7993-442F-BABE-084B6E50926C}.Debug|Any CPU.ActiveCfg = Debug|Any CPU
		{CB143E8B-7993-442F-BABE-084B6E50926C}.Debug|Any CPU.Build.0 = Debug|Any CPU
		{CB143E8B-7993-442F-BABE-084B6E50926C}.Release|Any CPU.ActiveCfg = Release|Any CPU
		{CB143E8B-7993-442F-BABE-084B6E50926C}.Release|Any CPU.Build.0 = Release|Any CPU
	EndGlobalSection
	GlobalSection(SolutionProperties) = preSolution
		HideSolutionNode = FALSE
	EndGlobalSection
	GlobalSection(ExtensibilityGlobals) = postSolution
		SolutionGuid = {7C265D84-1E0D-4138-BEC4-1A8087652CD9}
	EndGlobalSection
EndGlobal
